{
  "name": "starter-restaurant-reservation",
  "version": "1.0.0",
  "lockfileVersion": 2,
  "requires": true,
  "packages": {
    "": {
      "name": "starter-restaurant-reservation",
      "version": "1.0.0",
      "hasInstallScript": true,
      "license": "UNLICENSED",
      "dependencies": {
        "regexp": "^1.0.0"
      }
    },
    "node_modules/regexp": {
      "version": "1.0.0",
      "resolved": "https://registry.npmjs.org/regexp/-/regexp-1.0.0.tgz",
      "integrity": "sha1-UzR6Yd7ARRRjIpzCHFZgx1au1wA="
    }
  },
  "dependencies": {
    "regexp": {
      "version": "1.0.0",
      "resolved": "https://registry.npmjs.org/regexp/-/regexp-1.0.0.tgz",
      "integrity": "sha1-UzR6Yd7ARRRjIpzCHFZgx1au1wA="
    }
  }
}
